
Microsoft Visual Studio Solution File, Format Version 12.00
# Visual Studio Version 16
VisualStudioVersion = 16.0.31229.75
MinimumVisualStudioVersion = 10.0.40219.1
Project("{9A19103F-16F7-4668-BE54-9A1E7A4F7556}") = "TaxJarSdk.Implementation", "TaxJarSdk\TaxJarSdk.Implementation.csproj", "{6D641575-1C1C-4C09-B9CF-E2ED3DD249F7}"
EndProject
Project("{9A19103F-16F7-4668-BE54-9A1E7A4F7556}") = "TaxJarSdk.Core", "TaxJarSdk.Core\TaxJarSdk.Core.csproj", "{25F83521-9809-485B-9B74-6331AEAE8B8A}"
EndProject
Project("{9A19103F-16F7-4668-BE54-9A1E7A4F7556}") = "TaxJarSdk.Tests", "TaxJarSdkTests\TaxJarSdk.Tests.csproj", "{1E2899FA-9CE3-4383-AD38-BECFC0A1676C}"
EndProject
Project("{FAE04EC0-301F-11D3-BF4B-00C04F79EFBC}") = "TaxJarSdk.TaxService.ConsoleAppRunner", "TaxJarSdk.TaxService.ConsoleAppRunner\TaxJarSdk.TaxService.ConsoleAppRunner.csproj", "{564CFE33-EFE2-439B-B7B9-06EF0E85C451}"
EndProject
Global
	GlobalSection(SolutionConfigurationPlatforms) = preSolution
		Debug|Any CPU = Debug|Any CPU
		Release|Any CPU = Release|Any CPU
	EndGlobalSection
	GlobalSection(ProjectConfigurationPlatforms) = postSolution
		{6D641575-1C1C-4C09-B9CF-E2ED3DD249F7}.Debug|Any CPU.ActiveCfg = Debug|Any CPU
		{6D641575-1C1C-4C09-B9CF-E2ED3DD249F7}.Debug|Any CPU.Build.0 = Debug|Any CPU
		{6D641575-1C1C-4C09-B9CF-E2ED3DD249F7}.Release|Any CPU.ActiveCfg = Release|Any CPU
		{6D641575-1C1C-4C09-B9CF-E2ED3DD249F7}.Release|Any CPU.Build.0 = Release|Any CPU
		{25F83521-9809-485B-9B74-6331AEAE8B8A}.Debug|Any CPU.ActiveCfg = Debug|Any CPU
		{25F83521-9809-485B-9B74-6331AEAE8B8A}.Debug|Any CPU.Build.0 = Debug|Any CPU
		{25F83521-9809-485B-9B74-6331AEAE8B8A}.Release|Any CPU.ActiveCfg = Release|Any CPU
		{25F83521-9809-485B-9B74-6331AEAE8B8A}.Release|Any CPU.Build.0 = Release|Any CPU
		{1E2899FA-9CE3-4383-AD38-BECFC0A1676C}.Debug|Any CPU.ActiveCfg = Debug|Any CPU
		{1E2899FA-9CE3-4383-AD38-BECFC0A1676C}.Debug|Any CPU.Build.0 = Debug|Any CPU
		{1E2899FA-9CE3-4383-AD38-BECFC0A1676C}.Release|Any CPU.ActiveCfg = Release|Any CPU
		{1E2899FA-9CE3-4383-AD38-BECFC0A1676C}.Release|Any CPU.Build.0 = Release|Any CPU
		{564CFE33-EFE2-439B-B7B9-06EF0E85C451}.Debug|Any CPU.ActiveCfg = Debug|Any CPU
		{564CFE33-EFE2-439B-B7B9-06EF0E85C451}.Debug|Any CPU.Build.0 = Debug|Any CPU
		{564CFE33-EFE2-439B-B7B9-06EF0E85C451}.Release|Any CPU.ActiveCfg = Release|Any CPU
		{564CFE33-EFE2-439B-B7B9-06EF0E85C451}.Release|Any CPU.Build.0 = Release|Any CPU
	EndGlobalSection
	GlobalSection(SolutionProperties) = preSolution
		HideSolutionNode = FALSE
	EndGlobalSection
	GlobalSection(ExtensibilityGlobals) = postSolution
		SolutionGuid = {ADFB4665-7B19-448A-84FA-5BE1298905C3}
	EndGlobalSection
EndGlobal
